
Microsoft Visual Studio Solution File, Format Version 12.00
# Visual Studio Version 16
VisualStudioVersion = 16.0.30114.105
MinimumVisualStudioVersion = 10.0.40219.1
Project("{FAE04EC0-301F-11D3-BF4B-00C04F79EFBC}") = "my-first-pr", "my-first-pr.csproj", "{FDB82D3A-EDEC-41F4-AE4C-9390981FFA90}"
EndProject
Global
	GlobalSection(SolutionConfigurationPlatforms) = preSolution
		Debug|Any CPU = Debug|Any CPU
		Release|Any CPU = Release|Any CPU
	EndGlobalSection
	GlobalSection(SolutionProperties) = preSolution
		HideSolutionNode = FALSE
	EndGlobalSection
	GlobalSection(ProjectConfigurationPlatforms) = postSolution
		{FDB82D3A-EDEC-41F4-AE4C-9390981FFA90}.Debug|Any CPU.ActiveCfg = Debug|Any CPU
		{FDB82D3A-EDEC-41F4-AE4C-9390981FFA90}.Debug|Any CPU.Build.0 = Debug|Any CPU
		{FDB82D3A-EDEC-41F4-AE4C-9390981FFA90}.Release|Any CPU.ActiveCfg = Release|Any CPU
		{FDB82D3A-EDEC-41F4-AE4C-9390981FFA90}.Release|Any CPU.Build.0 = Release|Any CPU
	EndGlobalSection
EndGlobal
