{
  "requires": true,
  "lockfileVersion": 1,
  "dependencies": {
    "@fortawesome/fontawesome-pro": {
      "version": "5.11.2",
      "resolved": "https://npm.fontawesome.com/@fortawesome/fontawesome-pro/-/fontawesome-pro-5.11.2.tgz",
      "integrity": "sha512-qDJHtsCBkGqVM1i10aTjl1WCB/YPCxYYn7lQZNXDqo0yHzBXiwrwv2RXDV4vWgFP7fvCeqKVkP0Co2YQnkTxJg==",
      "dev": true
    },
    "@syncfusion/ej2": {
      "version": "17.3.16",
      "resolved": "https://registry.npmjs.org/@syncfusion/ej2/-/ej2-17.3.16.tgz",
      "integrity": "sha512-p55Ijfp6pz/BEOo+pv/+RWnYnsR1LwKTFwa6d1qW+5Wi2TYcND6LW0O8ujsmTHIHEXhuRHBdwRYrnB5OY64IWQ==",
      "requires": {
        "@syncfusion/ej2-barcode-generator": "~17.3.14",
        "@syncfusion/ej2-base": "~17.3.16",
        "@syncfusion/ej2-buttons": "~17.3.16",
        "@syncfusion/ej2-calendars": "~17.3.14",
        "@syncfusion/ej2-charts": "~17.3.16",
        "@syncfusion/ej2-circulargauge": "~17.3.14",
        "@syncfusion/ej2-compression": "~17.3.14",
        "@syncfusion/ej2-data": "~17.3.14",
        "@syncfusion/ej2-diagrams": "~17.3.14",
        "@syncfusion/ej2-documenteditor": "~17.3.16",
        "@syncfusion/ej2-drawings": "~17.3.14",
        "@syncfusion/ej2-dropdowns": "~17.3.16",
        "@syncfusion/ej2-excel-export": "~17.3.14",
        "@syncfusion/ej2-file-utils": "~17.3.14",
        "@syncfusion/ej2-filemanager": "~17.3.14",
        "@syncfusion/ej2-gantt": "~17.3.14",
        "@syncfusion/ej2-grids": "~17.3.16",
        "@syncfusion/ej2-heatmap": "~17.3.14",
        "@syncfusion/ej2-icons": "~17.3.14",
        "@syncfusion/ej2-inplace-editor": "~17.3.16",
        "@syncfusion/ej2-inputs": "~17.3.16",
        "@syncfusion/ej2-layouts": "~17.3.14",
        "@syncfusion/ej2-lineargauge": "~17.3.14",
        "@syncfusion/ej2-lists": "~17.3.16",
        "@syncfusion/ej2-maps": "~17.3.16",
        "@syncfusion/ej2-navigations": "~17.3.16",
        "@syncfusion/ej2-notifications": "~17.3.14",
        "@syncfusion/ej2-office-chart": "~17.3.14",
        "@syncfusion/ej2-pdf-export": "~17.3.16",
        "@syncfusion/ej2-pdfviewer": "~17.3.16",
        "@syncfusion/ej2-pivotview": "~17.3.14",
        "@syncfusion/ej2-popups": "~17.3.16",
        "@syncfusion/ej2-querybuilder": "~17.3.14",
        "@syncfusion/ej2-richtexteditor": "~17.3.16",
        "@syncfusion/ej2-schedule": "~17.3.16",
        "@syncfusion/ej2-splitbuttons": "~17.3.14",
        "@syncfusion/ej2-spreadsheet": "~17.3.16",
        "@syncfusion/ej2-svg-base": "~17.3.14",
        "@syncfusion/ej2-treegrid": "~17.3.16",
        "@syncfusion/ej2-treemap": "~17.3.14",
        "tslib": "^1.8.0"
      }
    },
    "@syncfusion/ej2-barcode-generator": {
      "version": "17.3.14",
      "resolved": "https://registry.npmjs.org/@syncfusion/ej2-barcode-generator/-/ej2-barcode-generator-17.3.14.tgz",
      "integrity": "sha512-NEbD24dWWDYYwd1lR8ykohcJQ7ZxX7LHm1BL2agrPbIVzvxaNOJ5LSa9b8/BZwZX0GtclVvTLocaBd3kNMNclg==",
      "requires": {
        "@syncfusion/ej2-base": "~17.3.14",
        "@syncfusion/ej2-data": "~17.3.14"
      }
    },
    "@syncfusion/ej2-base": {
      "version": "17.3.16",
      "resolved": "https://registry.npmjs.org/@syncfusion/ej2-base/-/ej2-base-17.3.16.tgz",
      "integrity": "sha512-je31orbvGfOp2TOy2yDURmIhZplNAG4X7niU2VbWKVG+a6Cxf8xykVUPz2w8J25ovBM7T0D2Cq/KbYhFkXgNAw==",
      "requires": {
        "@syncfusion/ej2-icons": "~17.3.14"
      }
    },
    "@syncfusion/ej2-buttons": {
      "version": "17.3.16",
      "resolved": "https://registry.npmjs.org/@syncfusion/ej2-buttons/-/ej2-buttons-17.3.16.tgz",
      "integrity": "sha512-tttFAt5f6wFa+TfRqi/VH7/Sw2XaAJFDiANV8P5SPbMxn1UWvkxzJRXdL6eBStQJ26H1g4p/Xthax9JwhNMs5w==",
      "requires": {
        "@syncfusion/ej2-base": "~17.3.16"
      }
    },
    "@syncfusion/ej2-calendars": {
      "version": "17.3.14",
      "resolved": "https://registry.npmjs.org/@syncfusion/ej2-calendars/-/ej2-calendars-17.3.14.tgz",
      "integrity": "sha512-dIEF7BLBdCp8i6C2hYfJ1kM7CKYZh/30zLOeYwr28QED18V6Regy/o8q4kJUYxQpippX1LnpvVsTQDaxnxWeWA==",
      "requires": {
        "@syncfusion/ej2-base": "~17.3.14",
        "@syncfusion/ej2-buttons": "~17.3.14",
        "@syncfusion/ej2-inputs": "~17.3.14",
        "@syncfusion/ej2-lists": "~17.3.14",
        "@syncfusion/ej2-popups": "~17.3.14"
      }
    },
    "@syncfusion/ej2-charts": {
      "version": "17.3.16",
      "resolved": "https://registry.npmjs.org/@syncfusion/ej2-charts/-/ej2-charts-17.3.16.tgz",
      "integrity": "sha512-wAcMiUAQwUJa6UExd7awhw5KQQc5v0jBXTQ2nsEg8aOYov9fu5mRLvuEll5K5uulGgxsJN8WuJWAk5/VMM72rw==",
      "requires": {
        "@syncfusion/ej2-base": "~17.3.16",
        "@syncfusion/ej2-calendars": "~17.3.14",
        "@syncfusion/ej2-compression": "~17.3.14",
        "@syncfusion/ej2-data": "~17.3.14",
        "@syncfusion/ej2-file-utils": "~17.3.14",
        "@syncfusion/ej2-navigations": "~17.3.16",
        "@syncfusion/ej2-pdf-export": "~17.3.16",
        "@syncfusion/ej2-svg-base": "~17.3.14"
      }
    },
    "@syncfusion/ej2-circulargauge": {
      "version": "17.3.14",
      "resolved": "https://registry.npmjs.org/@syncfusion/ej2-circulargauge/-/ej2-circulargauge-17.3.14.tgz",
      "integrity": "sha512-t5qGhDusNuSC9lOL/a7zq6j61UCbzKTw/9k04gFJ7/cHdpDEzz7BUsm+ggQ+3CvAh9TnbtRt+E0NZ40rzWlgdg==",
      "requires": {
        "@syncfusion/ej2-base": "~17.3.14",
        "@syncfusion/ej2-popups": "~17.3.14",
        "@syncfusion/ej2-svg-base": "~17.3.14"
      }
    },
    "@syncfusion/ej2-compression": {
      "version": "17.3.14",
      "resolved": "https://registry.npmjs.org/@syncfusion/ej2-compression/-/ej2-compression-17.3.14.tgz",
      "integrity": "sha512-AibLdcvOQhlRN25/apBIfb2Eha+ghN9d7GhsPK8/dItETV42eRJntfXBRKqBaYnwje8FjuI8iOyZdTSg6unCYA==",
      "requires": {
        "@syncfusion/ej2-file-utils": "~17.3.14"
      }
    },
    "@syncfusion/ej2-data": {
      "version": "17.3.14",
      "resolved": "https://registry.npmjs.org/@syncfusion/ej2-data/-/ej2-data-17.3.14.tgz",
      "integrity": "sha512-TDDNKTKtKqa5drJCHvy1Fcd9rAlFieRN7BaFVq9wU4elQ6CcenRfdWrrNQvHBRQqZaPo+hcGby1BLZhZMSLTjg==",
      "requires": {
        "@syncfusion/ej2-base": "~17.3.14"
      }
    },
    "@syncfusion/ej2-diagrams": {
      "version": "17.3.14",
      "resolved": "https://registry.npmjs.org/@syncfusion/ej2-diagrams/-/ej2-diagrams-17.3.14.tgz",
      "integrity": "sha512-qSBBirW4xBx8/ot59GA3Max1JEQLOBKe6Dqj0Qpe1PPNxPR5jjQ1C/uTZdNcj1Sj+bkngcbCXTULXZo+bGd4qg==",
      "requires": {
        "@syncfusion/ej2-base": "~17.3.14",
        "@syncfusion/ej2-buttons": "~17.3.14",
        "@syncfusion/ej2-data": "~17.3.14",
        "@syncfusion/ej2-inputs": "~17.3.14",
        "@syncfusion/ej2-lists": "~17.3.14",
        "@syncfusion/ej2-navigations": "~17.3.14",
        "@syncfusion/ej2-popups": "~17.3.14"
      }
    },
    "@syncfusion/ej2-documenteditor": {
      "version": "17.3.16",
      "resolved": "https://registry.npmjs.org/@syncfusion/ej2-documenteditor/-/ej2-documenteditor-17.3.16.tgz",
      "integrity": "sha512-uI13wBSFRVVmhdKOY5NHjRVM8sg02smYIzqYH9bbuThW9Nm9N4RGEjVSa9R4PVejGS1JV6ttL3MCXu5ewGHZYQ==",
      "requires": {
        "@syncfusion/ej2-base": "~17.3.16",
        "@syncfusion/ej2-buttons": "~17.3.16",
        "@syncfusion/ej2-compression": "~17.3.14",
        "@syncfusion/ej2-dropdowns": "~17.3.16",
        "@syncfusion/ej2-file-utils": "~17.3.14",
        "@syncfusion/ej2-inputs": "~17.3.16",
        "@syncfusion/ej2-navigations": "~17.3.16",
        "@syncfusion/ej2-office-chart": "~17.3.14",
        "@syncfusion/ej2-popups": "~17.3.16",
        "@syncfusion/ej2-splitbuttons": "~17.3.14"
      }
    },
    "@syncfusion/ej2-drawings": {
      "version": "17.3.14",
      "resolved": "https://registry.npmjs.org/@syncfusion/ej2-drawings/-/ej2-drawings-17.3.14.tgz",
      "integrity": "sha512-exx6plIeVrKaGoDuAhwElYSnYZz89JA/Q+yI2XPsxfimT9oZZ2c6/Ebv6jbWwDvWL9Xsa6rlqWx/bZY8LrYzZg==",
      "requires": {
        "@syncfusion/ej2-base": "~17.3.14",
        "@syncfusion/ej2-data": "~17.3.14"
      }
    },
    "@syncfusion/ej2-dropdowns": {
      "version": "17.3.16",
      "resolved": "https://registry.npmjs.org/@syncfusion/ej2-dropdowns/-/ej2-dropdowns-17.3.16.tgz",
      "integrity": "sha512-bbor7wZ8c2tC7H8FHnvtS0IvrqrPC3+CLOnMSuyH+GHOOyL9q9ZhN1mwW7mieqA7W6ixlTGzHdD/1fiiObTV6w==",
      "requires": {
        "@syncfusion/ej2-base": "~17.3.16",
        "@syncfusion/ej2-data": "~17.3.14",
        "@syncfusion/ej2-inputs": "~17.3.16",
        "@syncfusion/ej2-lists": "~17.3.16",
        "@syncfusion/ej2-popups": "~17.3.16"
      }
    },
    "@syncfusion/ej2-excel-export": {
      "version": "17.3.14",
      "resolved": "https://registry.npmjs.org/@syncfusion/ej2-excel-export/-/ej2-excel-export-17.3.14.tgz",
      "integrity": "sha512-iq6baNi+7gEgKdKihUF23pxcEsMYFM2nkPujyMgQs8NRmmO8IZ+ZsUC/xBdtIhVfTFlhAupe6IdId+bbTFJM1Q==",
      "requires": {
        "@syncfusion/ej2-base": "~17.3.14",
        "@syncfusion/ej2-compression": "~17.3.14"
      }
    },
    "@syncfusion/ej2-file-utils": {
      "version": "17.3.14",
      "resolved": "https://registry.npmjs.org/@syncfusion/ej2-file-utils/-/ej2-file-utils-17.3.14.tgz",
      "integrity": "sha512-T8p854mzdI9AFjnq4hlPy8Zbv/kzcjadaXeuibuKAOUgaRqTpib8BV7pEU9hOu2vOG36BvivGkxKWYkMTn5maA=="
    },
    "@syncfusion/ej2-filemanager": {
      "version": "17.3.14",
      "resolved": "https://registry.npmjs.org/@syncfusion/ej2-filemanager/-/ej2-filemanager-17.3.14.tgz",
      "integrity": "sha512-EDCShP1EIEz6/xihWyq9xS6fs0m7dryygvN/051eNH9SRaj6ZET3xwNWlfhch7VlSeOgr5ZCuCQ7yYmmn2IQFA==",
      "requires": {
        "@syncfusion/ej2-grids": "~17.3.14",
        "@syncfusion/ej2-layouts": "~17.3.14",
        "selenium-webdriver": "^4.0.0-alpha.1"
      }
    },
    "@syncfusion/ej2-gantt": {
      "version": "17.3.14",
      "resolved": "https://registry.npmjs.org/@syncfusion/ej2-gantt/-/ej2-gantt-17.3.14.tgz",
      "integrity": "sha512-FmkwDO4Gj72XGQT1Hyk6q2ayOXGARK0w3lwqqJhOd3K/Rrf4M7rWwVUpUlGNBWnhLkK9FkE/ZHuvrIMcv8w4XA==",
      "requires": {
        "@syncfusion/ej2-base": "~17.3.14",
        "@syncfusion/ej2-buttons": "~17.3.14",
        "@syncfusion/ej2-calendars": "~17.3.14",
        "@syncfusion/ej2-data": "~17.3.14",
        "@syncfusion/ej2-dropdowns": "~17.3.14",
        "@syncfusion/ej2-grids": "~17.3.14",
        "@syncfusion/ej2-inputs": "~17.3.14",
        "@syncfusion/ej2-layouts": "~17.3.14",
        "@syncfusion/ej2-lists": "~17.3.14",
        "@syncfusion/ej2-navigations": "~17.3.14",
        "@syncfusion/ej2-popups": "~17.3.14",
        "@syncfusion/ej2-richtexteditor": "~17.3.14",
        "@syncfusion/ej2-treegrid": "~17.3.14"
      }
    },
    "@syncfusion/ej2-grids": {
      "version": "17.3.16",
      "resolved": "https://registry.npmjs.org/@syncfusion/ej2-grids/-/ej2-grids-17.3.16.tgz",
      "integrity": "sha512-SogkMIJuWMkr93LjaPpxmw/wTgAdw0eyvvaCn2RrZtlhfeLUVr2qLcyUh7UGtrcdKdC1oRkbAEiCwG9vpyWZtg==",
      "requires": {
        "@syncfusion/ej2-base": "~17.3.16",
        "@syncfusion/ej2-buttons": "~17.3.16",
        "@syncfusion/ej2-calendars": "~17.3.14",
        "@syncfusion/ej2-compression": "~17.3.14",
        "@syncfusion/ej2-data": "~17.3.14",
        "@syncfusion/ej2-dropdowns": "~17.3.16",
        "@syncfusion/ej2-excel-export": "~17.3.14",
        "@syncfusion/ej2-file-utils": "~17.3.14",
        "@syncfusion/ej2-inputs": "~17.3.16",
        "@syncfusion/ej2-lists": "~17.3.16",
        "@syncfusion/ej2-navigations": "~17.3.16",
        "@syncfusion/ej2-pdf-export": "~17.3.16",
        "@syncfusion/ej2-popups": "~17.3.16",
        "@syncfusion/ej2-splitbuttons": "~17.3.14"
      }
    },
    "@syncfusion/ej2-heatmap": {
      "version": "17.3.14",
      "resolved": "https://registry.npmjs.org/@syncfusion/ej2-heatmap/-/ej2-heatmap-17.3.14.tgz",
      "integrity": "sha512-002sJKaBQgCKZ7aLwFcwDKCQQYgaU6Ew3CEQeZ+iYHxfFuWe3sf8GAJeBHL/hUVTKKm1zYCPviq/+hAJbc4bvA==",
      "requires": {
        "@syncfusion/ej2-base": "~17.3.14",
        "@syncfusion/ej2-data": "~17.3.14",
        "@syncfusion/ej2-svg-base": "~17.3.14"
      }
    },
    "@syncfusion/ej2-icons": {
      "version": "17.3.14",
      "resolved": "https://registry.npmjs.org/@syncfusion/ej2-icons/-/ej2-icons-17.3.14.tgz",
      "integrity": "sha512-mGqUf1KfPVhDIRgbvJJJ/bMBaBrAhszgqg/UnXeBJVMiktdHEx2aH2G6cV01xYKoDBeq+Lg9NZFMqdRt8IKrMQ=="
    },
    "@syncfusion/ej2-inplace-editor": {
      "version": "17.3.16",
      "resolved": "https://registry.npmjs.org/@syncfusion/ej2-inplace-editor/-/ej2-inplace-editor-17.3.16.tgz",
      "integrity": "sha512-YHW3tmul79FlFYk/FwMNBOF6Pc0cxrlerppHIpq9LN7XU9LL19H+UxKQJxv1eFzexKypcmX7oe7B6d1/wjcU8A==",
      "requires": {
        "@syncfusion/ej2-base": "~17.3.16",
        "@syncfusion/ej2-buttons": "~17.3.16",
        "@syncfusion/ej2-calendars": "~17.3.14",
        "@syncfusion/ej2-data": "~17.3.14",
        "@syncfusion/ej2-dropdowns": "~17.3.16",
        "@syncfusion/ej2-inputs": "~17.3.16",
        "@syncfusion/ej2-lists": "~17.3.16",
        "@syncfusion/ej2-navigations": "~17.3.16",
        "@syncfusion/ej2-popups": "~17.3.16",
        "@syncfusion/ej2-richtexteditor": "~17.3.16",
        "@syncfusion/ej2-splitbuttons": "~17.3.14"
      }
    },
    "@syncfusion/ej2-inputs": {
      "version": "17.3.16",
      "resolved": "https://registry.npmjs.org/@syncfusion/ej2-inputs/-/ej2-inputs-17.3.16.tgz",
      "integrity": "sha512-5oy6+Z1rlyncABB/+JJcQnGNByAOAyxXFfHmqjaRatVBZctN4T1cScts0rODe80NzSMRg0cnD86zr2/csWQhVg==",
      "requires": {
        "@syncfusion/ej2-base": "~17.3.16",
        "@syncfusion/ej2-buttons": "~17.3.16",
        "@syncfusion/ej2-popups": "~17.3.16",
        "@syncfusion/ej2-splitbuttons": "~17.3.14"
      }
    },
    "@syncfusion/ej2-layouts": {
      "version": "17.3.14",
      "resolved": "https://registry.npmjs.org/@syncfusion/ej2-layouts/-/ej2-layouts-17.3.14.tgz",
      "integrity": "sha512-PcBVcd1oe+V3WisofC96mSQJWZL2DCvT5APrgEG7OlbQNuKWm5zFFlL/8zQFsEJq8DZc9+iRGgxiUODNiP5DfQ==",
      "requires": {
        "@syncfusion/ej2-base": "~17.3.14"
      }
    },
    "@syncfusion/ej2-lineargauge": {
      "version": "17.3.14",
      "resolved": "https://registry.npmjs.org/@syncfusion/ej2-lineargauge/-/ej2-lineargauge-17.3.14.tgz",
      "integrity": "sha512-Ql7pxCXtXayIQYqN4ykGRy1pgaLYEyVtyG6Ok0i1gaTrdxXc9rPrfA4WZu8JHpNNQVv5a+IxEr776uNrsRwaqQ==",
      "requires": {
        "@syncfusion/ej2-base": "~17.3.14",
        "@syncfusion/ej2-popups": "~17.3.14",
        "@syncfusion/ej2-svg-base": "~17.3.14"
      }
    },
    "@syncfusion/ej2-lists": {
      "version": "17.3.16",
      "resolved": "https://registry.npmjs.org/@syncfusion/ej2-lists/-/ej2-lists-17.3.16.tgz",
      "integrity": "sha512-X0mDOaSXRSGC806dSJ9d1EQiO8lisb/c40amwCUz/1jIBjGWXj3Cd/PSuUdT+00m2c45MW3CHrPxz2WcXXY3oA==",
      "requires": {
        "@syncfusion/ej2-base": "~17.3.16",
        "@syncfusion/ej2-buttons": "~17.3.16",
        "@syncfusion/ej2-data": "~17.3.14"
      }
    },
    "@syncfusion/ej2-maps": {
      "version": "17.3.16",
      "resolved": "https://registry.npmjs.org/@syncfusion/ej2-maps/-/ej2-maps-17.3.16.tgz",
      "integrity": "sha512-9MoN0wb6iGcN4vXOEDYG/VLXO641Eyf3R2PO49p6cgXJIOOVZssT5I3kdnxt2m+ymYQ0lIOkh7I9ykWpiq6Pkw==",
      "requires": {
        "@syncfusion/ej2-base": "~17.3.16",
        "@syncfusion/ej2-compression": "~17.3.14",
        "@syncfusion/ej2-data": "~17.3.14",
        "@syncfusion/ej2-file-utils": "~17.3.14",
        "@syncfusion/ej2-pdf-export": "~17.3.16",
        "@syncfusion/ej2-popups": "~17.3.16",
        "@syncfusion/ej2-svg-base": "~17.3.14"
      }
    },
    "@syncfusion/ej2-navigations": {
      "version": "17.3.16",
      "resolved": "https://registry.npmjs.org/@syncfusion/ej2-navigations/-/ej2-navigations-17.3.16.tgz",
      "integrity": "sha512-C4YMMw7NxddcOUUZvfuYI6iNpzDCEInAHfAyvvoDXowkVrhXWwjniCXkdOHmCofAIqSMqQqBv14rrhHXQG5wKA==",
      "requires": {
        "@syncfusion/ej2-base": "~17.3.16",
        "@syncfusion/ej2-buttons": "~17.3.16",
        "@syncfusion/ej2-data": "~17.3.14",
        "@syncfusion/ej2-inputs": "~17.3.16",
        "@syncfusion/ej2-lists": "~17.3.16",
        "@syncfusion/ej2-popups": "~17.3.16"
      }
    },
    "@syncfusion/ej2-notifications": {
      "version": "17.3.14",
      "resolved": "https://registry.npmjs.org/@syncfusion/ej2-notifications/-/ej2-notifications-17.3.14.tgz",
      "integrity": "sha512-rPwx1XizT4vHGcGjSkD8SCmUF1rFHms7Z3EEtOE+9G6UtUTagj7ZvfP0Rt+mgNYcpsoDijGa7dEVw4n+fhyEtw==",
      "requires": {
        "@syncfusion/ej2-base": "~17.3.14",
        "@syncfusion/ej2-buttons": "~17.3.14",
        "@syncfusion/ej2-popups": "~17.3.14"
      }
    },
    "@syncfusion/ej2-office-chart": {
      "version": "17.3.14",
      "resolved": "https://registry.npmjs.org/@syncfusion/ej2-office-chart/-/ej2-office-chart-17.3.14.tgz",
      "integrity": "sha512-L/ud9YlPkX0R0y+ofyjxL3VjDSr47Gyo6A0YE0yD6qFmecn5kFIQ8XLoraGCBiSyHGnBRq4IXseQDrazjodK4A==",
      "requires": {
        "@syncfusion/ej2-charts": "~17.3.14"
      }
    },
    "@syncfusion/ej2-pdf-export": {
      "version": "17.3.16",
      "resolved": "https://registry.npmjs.org/@syncfusion/ej2-pdf-export/-/ej2-pdf-export-17.3.16.tgz",
      "integrity": "sha512-1iR9w3MZXOPcjZzLU5UWr5cNinQz7vLumcL64oZbS2ahGdychJHonTjDadS9Vb7aRiLQUjaPRRRiUPXJULHl5A==",
      "requires": {
        "@syncfusion/ej2-compression": "~17.3.14"
      }
    },
    "@syncfusion/ej2-pdfviewer": {
      "version": "17.3.16",
      "resolved": "https://registry.npmjs.org/@syncfusion/ej2-pdfviewer/-/ej2-pdfviewer-17.3.16.tgz",
      "integrity": "sha512-Ti3TaZPJe8e7yxltS+XXMVUoZnj2z5yNCjND+5H3eHORGxveoNSgFjlzM7Mcv5baOkGP/zgY3Wzu4w/FA8eg3g==",
      "requires": {
        "@syncfusion/ej2-base": "~17.3.16",
        "@syncfusion/ej2-buttons": "~17.3.16",
        "@syncfusion/ej2-calendars": "~17.3.14",
        "@syncfusion/ej2-data": "~17.3.14",
        "@syncfusion/ej2-drawings": "~17.3.14",
        "@syncfusion/ej2-dropdowns": "~17.3.16",
        "@syncfusion/ej2-inplace-editor": "~17.3.16",
        "@syncfusion/ej2-inputs": "~17.3.16",
        "@syncfusion/ej2-lists": "~17.3.16",
        "@syncfusion/ej2-navigations": "~17.3.16",
        "@syncfusion/ej2-notifications": "~17.3.14",
        "@syncfusion/ej2-popups": "~17.3.16",
        "@syncfusion/ej2-richtexteditor": "~17.3.16"
      }
    },
    "@syncfusion/ej2-pivotview": {
      "version": "17.3.14",
      "resolved": "https://registry.npmjs.org/@syncfusion/ej2-pivotview/-/ej2-pivotview-17.3.14.tgz",
      "integrity": "sha512-Vb93vvxs6l1Rc10aJyctk2lq4i1nF+dAm2gGvATRQCApVxPKHOKmqcRDH1DUbXfh2WQ9dx5d2SEK1OnCVKmCuQ==",
      "requires": {
        "@syncfusion/ej2-base": "~17.3.14",
        "@syncfusion/ej2-buttons": "~17.3.14",
        "@syncfusion/ej2-calendars": "~17.3.14",
        "@syncfusion/ej2-charts": "~17.3.14",
        "@syncfusion/ej2-compression": "~17.3.14",
        "@syncfusion/ej2-data": "~17.3.14",
        "@syncfusion/ej2-dropdowns": "~17.3.14",
        "@syncfusion/ej2-excel-export": "~17.3.14",
        "@syncfusion/ej2-file-utils": "~17.3.14",
        "@syncfusion/ej2-grids": "~17.3.14",
        "@syncfusion/ej2-inputs": "~17.3.14",
        "@syncfusion/ej2-lists": "~17.3.14",
        "@syncfusion/ej2-navigations": "~17.3.14",
        "@syncfusion/ej2-pdf-export": "~17.3.14",
        "@syncfusion/ej2-popups": "~17.3.14",
        "@syncfusion/ej2-svg-base": "~17.3.14"
      }
    },
    "@syncfusion/ej2-popups": {
      "version": "17.3.16",
      "resolved": "https://registry.npmjs.org/@syncfusion/ej2-popups/-/ej2-popups-17.3.16.tgz",
      "integrity": "sha512-lyrFb04E3aQddxGRDorUHhAeYYkCUgsJy/9g9l033BGqzkZYU9dGrcRHtXzrmgqYeSUYmqGzKrokwLgkWPd0rQ==",
      "requires": {
        "@syncfusion/ej2-base": "~17.3.16",
        "@syncfusion/ej2-buttons": "~17.3.16"
      }
    },
    "@syncfusion/ej2-querybuilder": {
      "version": "17.3.14",
      "resolved": "https://registry.npmjs.org/@syncfusion/ej2-querybuilder/-/ej2-querybuilder-17.3.14.tgz",
      "integrity": "sha512-zNTWwP7xBAXxb3hJFrvjq1iX6Oex2d9XAf5W9Xb5Rbhx0aH97XLOqiIxqX/6+1U5M+2RWeWWSo9TuTDmtK7A4g==",
      "requires": {
        "@syncfusion/ej2-base": "~17.3.14",
        "@syncfusion/ej2-buttons": "~17.3.14",
        "@syncfusion/ej2-calendars": "~17.3.14",
        "@syncfusion/ej2-dropdowns": "~17.3.14",
        "@syncfusion/ej2-inputs": "~17.3.14",
        "@syncfusion/ej2-splitbuttons": "~17.3.14"
      }
    },
    "@syncfusion/ej2-richtexteditor": {
      "version": "17.3.16",
      "resolved": "https://registry.npmjs.org/@syncfusion/ej2-richtexteditor/-/ej2-richtexteditor-17.3.16.tgz",
      "integrity": "sha512-blB7hCO7xpe2I7d6sZfk7ciyIcXekShq2JwSE0g3JwdcpeEtSwsNESnOtkza0Cmm1O/10bUiovYlQ5yvGKJ+aQ==",
      "requires": {
        "@syncfusion/ej2-base": "~17.3.16",
        "@syncfusion/ej2-navigations": "~17.3.16",
        "@syncfusion/ej2-popups": "~17.3.16",
        "@syncfusion/ej2-splitbuttons": "~17.3.14"
      }
    },
    "@syncfusion/ej2-schedule": {
      "version": "17.3.16",
      "resolved": "https://registry.npmjs.org/@syncfusion/ej2-schedule/-/ej2-schedule-17.3.16.tgz",
      "integrity": "sha512-y+VVrrP05FGeXaBATWxLBJOB88FpKkBaU2I/2UDSu5QLPDxk3O4FGJklXvqZrOUPCjVnKZrFXIXrZPFSKk5QQA==",
      "requires": {
        "@syncfusion/ej2-base": "~17.3.16",
        "@syncfusion/ej2-buttons": "~17.3.16",
        "@syncfusion/ej2-calendars": "~17.3.14",
        "@syncfusion/ej2-data": "~17.3.14",
        "@syncfusion/ej2-dropdowns": "~17.3.16",
        "@syncfusion/ej2-excel-export": "~17.3.14",
        "@syncfusion/ej2-inputs": "~17.3.16",
        "@syncfusion/ej2-lists": "~17.3.16",
        "@syncfusion/ej2-navigations": "~17.3.16",
        "@syncfusion/ej2-popups": "~17.3.16"
      }
    },
    "@syncfusion/ej2-splitbuttons": {
      "version": "17.3.14",
      "resolved": "https://registry.npmjs.org/@syncfusion/ej2-splitbuttons/-/ej2-splitbuttons-17.3.14.tgz",
      "integrity": "sha512-POJ+Y9PkArwhoxUwiNURWLY8tXgAU/ao2sgXSuDx27HOGPV7Al7QDSoVx464GM2ghW99NxC6tOvIOAeXcXG6kQ==",
      "requires": {
        "@syncfusion/ej2-base": "~17.3.14",
        "@syncfusion/ej2-popups": "~17.3.14"
      }
    },
    "@syncfusion/ej2-spreadsheet": {
      "version": "17.3.16",
      "resolved": "https://registry.npmjs.org/@syncfusion/ej2-spreadsheet/-/ej2-spreadsheet-17.3.16.tgz",
      "integrity": "sha512-LPIHr382E3ErV5QMpdHan/O+xqq49BRXR2ehmGim8ET/4pKyFrrfJOKmFDQ/MqvZIPfLecY4VkGSF3w87XpymA==",
      "requires": {
        "@syncfusion/ej2-base": "~17.3.16",
        "@syncfusion/ej2-dropdowns": "~17.3.16",
        "@syncfusion/ej2-navigations": "~17.3.16"
      }
    },
    "@syncfusion/ej2-svg-base": {
      "version": "17.3.14",
      "resolved": "https://registry.npmjs.org/@syncfusion/ej2-svg-base/-/ej2-svg-base-17.3.14.tgz",
      "integrity": "sha512-cSwI9pvARhOpk6NRuCt+g0NcuCC1N5cLSZ47lzpMRvjuckg/pFtKNOfJjtqudjNKOZ6y0m+HpAbC/zxvovccfw==",
      "requires": {
        "@syncfusion/ej2-base": "~17.3.14"
      }
    },
    "@syncfusion/ej2-treegrid": {
      "version": "17.3.16",
      "resolved": "https://registry.npmjs.org/@syncfusion/ej2-treegrid/-/ej2-treegrid-17.3.16.tgz",
      "integrity": "sha512-ng8L9DE0pbvk2OgM2g2T7xf8TD1KdJOzSgE0nsquoevcaNRtoyJgyURx/6QoMU6Pe0rHbk58VYQKGOWote9LUw==",
      "requires": {
        "@syncfusion/ej2-base": "~17.3.16",
        "@syncfusion/ej2-data": "~17.3.14",
        "@syncfusion/ej2-grids": "~17.3.16",
        "@syncfusion/ej2-popups": "~17.3.16"
      }
    },
    "@syncfusion/ej2-treemap": {
      "version": "17.3.14",
      "resolved": "https://registry.npmjs.org/@syncfusion/ej2-treemap/-/ej2-treemap-17.3.14.tgz",
      "integrity": "sha512-y51WnAdS8Qm+ge6Ig/qhbz5gdtF5BJiUagTMRPlYTZ2nET7Jzd6xcCCB1MS2gE8H2NyTuQQ3PgYzj2DjPKmuFA==",
      "requires": {
        "@syncfusion/ej2-base": "~17.3.14",
        "@syncfusion/ej2-compression": "~17.3.14",
        "@syncfusion/ej2-data": "~17.3.14",
        "@syncfusion/ej2-file-utils": "~17.3.14",
        "@syncfusion/ej2-pdf-export": "~17.3.14",
        "@syncfusion/ej2-svg-base": "~17.3.14"
      }
    },
    "balanced-match": {
      "version": "1.0.0",
      "resolved": "https://registry.npmjs.org/balanced-match/-/balanced-match-1.0.0.tgz",
      "integrity": "sha1-ibTRmasr7kneFk6gK4nORi1xt2c="
    },
    "brace-expansion": {
      "version": "1.1.11",
      "resolved": "https://registry.npmjs.org/brace-expansion/-/brace-expansion-1.1.11.tgz",
      "integrity": "sha512-iCuPHDFgrHX7H2vEI/5xpz07zSHB00TpugqhmYtVmMO6518mCuRMoOYFldEBl0g187ufozdaHgWKcYFb61qGiA==",
      "requires": {
        "balanced-match": "^1.0.0",
        "concat-map": "0.0.1"
      }
    },
    "concat-map": {
      "version": "0.0.1",
      "resolved": "https://registry.npmjs.org/concat-map/-/concat-map-0.0.1.tgz",
      "integrity": "sha1-2Klr13/Wjfd5OnMDajug1UBdR3s="
    },
    "core-util-is": {
      "version": "1.0.2",
      "resolved": "https://registry.npmjs.org/core-util-is/-/core-util-is-1.0.2.tgz",
      "integrity": "sha1-tf1UIgqivFq1eqtxQMlAdUUDwac="
    },
    "define-properties": {
      "version": "1.1.3",
      "resolved": "https://registry.npmjs.org/define-properties/-/define-properties-1.1.3.tgz",
      "integrity": "sha512-3MqfYKj2lLzdMSf8ZIZE/V+Zuy+BgD6f164e8K2w7dgnpKArBDerGYpM46IYYcjnkdPNMjPk9A6VFB8+3SKlXQ==",
      "requires": {
        "object-keys": "^1.0.12"
      }
    },
    "es-abstract": {
      "version": "1.15.0",
      "resolved": "https://registry.npmjs.org/es-abstract/-/es-abstract-1.15.0.tgz",
      "integrity": "sha512-bhkEqWJ2t2lMeaJDuk7okMkJWI/yqgH/EoGwpcvv0XW9RWQsRspI4wt6xuyuvMvvQE3gg/D9HXppgk21w78GyQ==",
      "requires": {
        "es-to-primitive": "^1.2.0",
        "function-bind": "^1.1.1",
        "has": "^1.0.3",
        "has-symbols": "^1.0.0",
        "is-callable": "^1.1.4",
        "is-regex": "^1.0.4",
        "object-inspect": "^1.6.0",
        "object-keys": "^1.1.1",
        "string.prototype.trimleft": "^2.1.0",
        "string.prototype.trimright": "^2.1.0"
      }
    },
    "es-to-primitive": {
      "version": "1.2.0",
      "resolved": "https://registry.npmjs.org/es-to-primitive/-/es-to-primitive-1.2.0.tgz",
      "integrity": "sha512-qZryBOJjV//LaxLTV6UC//WewneB3LcXOL9NP++ozKVXsIIIpm/2c13UDiD9Jp2eThsecw9m3jPqDwTyobcdbg==",
      "requires": {
        "is-callable": "^1.1.4",
        "is-date-object": "^1.0.1",
        "is-symbol": "^1.0.2"
      }
    },
    "fs.realpath": {
      "version": "1.0.0",
      "resolved": "https://registry.npmjs.org/fs.realpath/-/fs.realpath-1.0.0.tgz",
      "integrity": "sha1-FQStJSMVjKpA20onh8sBQRmU6k8="
    },
    "function-bind": {
      "version": "1.1.1",
      "resolved": "https://registry.npmjs.org/function-bind/-/function-bind-1.1.1.tgz",
      "integrity": "sha512-yIovAzMX49sF8Yl58fSCWJ5svSLuaibPxXQJFLmBObTuCr0Mf1KiPopGM9NiFjiYBCbfaa2Fh6breQ6ANVTI0A=="
    },
    "glob": {
      "version": "7.1.4",
      "resolved": "https://registry.npmjs.org/glob/-/glob-7.1.4.tgz",
      "integrity": "sha512-hkLPepehmnKk41pUGm3sYxoFs/umurYfYJCerbXEyFIWcAzvpipAgVkBqqT9RBKMGjnq6kMuyYwha6csxbiM1A==",
      "requires": {
        "fs.realpath": "^1.0.0",
        "inflight": "^1.0.4",
        "inherits": "2",
        "minimatch": "^3.0.4",
        "once": "^1.3.0",
        "path-is-absolute": "^1.0.0"
      }
    },
    "has": {
      "version": "1.0.3",
      "resolved": "https://registry.npmjs.org/has/-/has-1.0.3.tgz",
      "integrity": "sha512-f2dvO0VU6Oej7RkWJGrehjbzMAjFp5/VKPp5tTpWIV4JHHZK1/BxbFRtf/siA2SWTe09caDmVtYYzWEIbBS4zw==",
      "requires": {
        "function-bind": "^1.1.1"
      }
    },
    "has-symbols": {
      "version": "1.0.0",
      "resolved": "https://registry.npmjs.org/has-symbols/-/has-symbols-1.0.0.tgz",
      "integrity": "sha1-uhqPGvKg/DllD1yFA2dwQSIGO0Q="
    },
    "immediate": {
      "version": "3.0.6",
      "resolved": "https://registry.npmjs.org/immediate/-/immediate-3.0.6.tgz",
      "integrity": "sha1-nbHb0Pr43m++D13V5Wu2BigN5ps="
    },
    "inflight": {
      "version": "1.0.6",
      "resolved": "https://registry.npmjs.org/inflight/-/inflight-1.0.6.tgz",
      "integrity": "sha1-Sb1jMdfQLQwJvJEKEHW6gWW1bfk=",
      "requires": {
        "once": "^1.3.0",
        "wrappy": "1"
      }
    },
    "inherits": {
      "version": "2.0.4",
      "resolved": "https://registry.npmjs.org/inherits/-/inherits-2.0.4.tgz",
      "integrity": "sha512-k/vGaX4/Yla3WzyMCvTQOXYeIHvqOKtnqBduzTHpzpQZzAskKMhZ2K+EnBiSM9zGSoIFeMpXKxa4dYeZIQqewQ=="
    },
    "is-callable": {
      "version": "1.1.4",
      "resolved": "https://registry.npmjs.org/is-callable/-/is-callable-1.1.4.tgz",
      "integrity": "sha512-r5p9sxJjYnArLjObpjA4xu5EKI3CuKHkJXMhT7kwbpUyIFD1n5PMAsoPvWnvtZiNz7LjkYDRZhd7FlI0eMijEA=="
    },
    "is-date-object": {
      "version": "1.0.1",
      "resolved": "https://registry.npmjs.org/is-date-object/-/is-date-object-1.0.1.tgz",
      "integrity": "sha1-mqIOtq7rv/d/vTPnTKAbM1gdOhY="
    },
    "is-regex": {
      "version": "1.0.4",
      "resolved": "https://registry.npmjs.org/is-regex/-/is-regex-1.0.4.tgz",
      "integrity": "sha1-VRdIm1RwkbCTDglWVM7SXul+lJE=",
      "requires": {
        "has": "^1.0.1"
      }
    },
    "is-symbol": {
      "version": "1.0.2",
      "resolved": "https://registry.npmjs.org/is-symbol/-/is-symbol-1.0.2.tgz",
      "integrity": "sha512-HS8bZ9ox60yCJLH9snBpIwv9pYUAkcuLhSA1oero1UB5y9aiQpRA8y2ex945AOtCZL1lJDeIk3G5LthswI46Lw==",
      "requires": {
        "has-symbols": "^1.0.0"
      }
    },
    "isarray": {
      "version": "1.0.0",
      "resolved": "https://registry.npmjs.org/isarray/-/isarray-1.0.0.tgz",
      "integrity": "sha1-u5NdSFgsuhaMBoNJV6VKPgcSTxE="
    },
    "jszip": {
      "version": "3.2.2",
      "resolved": "https://registry.npmjs.org/jszip/-/jszip-3.2.2.tgz",
      "integrity": "sha512-NmKajvAFQpbg3taXQXr/ccS2wcucR1AZ+NtyWp2Nq7HHVsXhcJFR8p0Baf32C2yVvBylFWVeKf+WI2AnvlPhpA==",
      "requires": {
        "lie": "~3.3.0",
        "pako": "~1.0.2",
        "readable-stream": "~2.3.6",
        "set-immediate-shim": "~1.0.1"
      }
    },
    "lie": {
      "version": "3.3.0",
      "resolved": "https://registry.npmjs.org/lie/-/lie-3.3.0.tgz",
      "integrity": "sha512-UaiMJzeWRlEujzAuw5LokY1L5ecNQYZKfmyZ9L7wDHb/p5etKaxXhohBcrw0EYby+G/NA52vRSN4N39dxHAIwQ==",
      "requires": {
        "immediate": "~3.0.5"
      }
    },
    "minimatch": {
      "version": "3.0.4",
      "resolved": "https://registry.npmjs.org/minimatch/-/minimatch-3.0.4.tgz",
      "integrity": "sha512-yJHVQEhyqPLUTgt9B83PXu6W3rx4MvvHvSUvToogpwoGDOUQ+yDrR0HRot+yOCdCO7u4hX3pWft6kWBBcqh0UA==",
      "requires": {
        "brace-expansion": "^1.1.7"
      }
    },
    "object-inspect": {
      "version": "1.6.0",
      "resolved": "https://registry.npmjs.org/object-inspect/-/object-inspect-1.6.0.tgz",
      "integrity": "sha512-GJzfBZ6DgDAmnuaM3104jR4s1Myxr3Y3zfIyN4z3UdqN69oSRacNK8UhnobDdC+7J2AHCjGwxQubNJfE70SXXQ=="
    },
    "object-keys": {
      "version": "1.1.1",
      "resolved": "https://registry.npmjs.org/object-keys/-/object-keys-1.1.1.tgz",
      "integrity": "sha512-NuAESUOUMrlIXOfHKzD6bpPu3tYt3xvjNdRIQ+FeT0lNb4K8WR70CaDxhuNguS2XG+GjkyMwOzsN5ZktImfhLA=="
    },
    "object.getownpropertydescriptors": {
      "version": "2.0.3",
      "resolved": "https://registry.npmjs.org/object.getownpropertydescriptors/-/object.getownpropertydescriptors-2.0.3.tgz",
      "integrity": "sha1-h1jIRvW0B62rDyNuCYbxSwUcqhY=",
      "requires": {
        "define-properties": "^1.1.2",
        "es-abstract": "^1.5.1"
      }
    },
    "once": {
      "version": "1.4.0",
      "resolved": "https://registry.npmjs.org/once/-/once-1.4.0.tgz",
      "integrity": "sha1-WDsap3WWHUsROsF9nFC6753Xa9E=",
      "requires": {
        "wrappy": "1"
      }
    },
    "os-tmpdir": {
      "version": "1.0.2",
      "resolved": "https://registry.npmjs.org/os-tmpdir/-/os-tmpdir-1.0.2.tgz",
      "integrity": "sha1-u+Z0BseaqFxc/sdm/lc0VV36EnQ="
    },
    "pako": {
      "version": "1.0.10",
      "resolved": "https://registry.npmjs.org/pako/-/pako-1.0.10.tgz",
      "integrity": "sha512-0DTvPVU3ed8+HNXOu5Bs+o//Mbdj9VNQMUOe9oKCwh8l0GNwpTDMKCWbRjgtD291AWnkAgkqA/LOnQS8AmS1tw=="
    },
    "path-is-absolute": {
      "version": "1.0.1",
      "resolved": "https://registry.npmjs.org/path-is-absolute/-/path-is-absolute-1.0.1.tgz",
      "integrity": "sha1-F0uSaHNVNP+8es5r9TpanhtcX18="
    },
    "process-nextick-args": {
      "version": "2.0.1",
      "resolved": "https://registry.npmjs.org/process-nextick-args/-/process-nextick-args-2.0.1.tgz",
      "integrity": "sha512-3ouUOpQhtgrbOa17J7+uxOTpITYWaGP7/AhoR3+A+/1e9skrzelGi/dXzEYyvbxubEF6Wn2ypscTKiKJFFn1ag=="
    },
    "readable-stream": {
      "version": "2.3.6",
      "resolved": "https://registry.npmjs.org/readable-stream/-/readable-stream-2.3.6.tgz",
      "integrity": "sha512-tQtKA9WIAhBF3+VLAseyMqZeBjW0AHJoxOtYqSUZNJxauErmLbVm2FW1y+J/YA9dUrAC39ITejlZWhVIwawkKw==",
      "requires": {
        "core-util-is": "~1.0.0",
        "inherits": "~2.0.3",
        "isarray": "~1.0.0",
        "process-nextick-args": "~2.0.0",
        "safe-buffer": "~5.1.1",
        "string_decoder": "~1.1.1",
        "util-deprecate": "~1.0.1"
      }
    },
    "rimraf": {
      "version": "2.7.1",
      "resolved": "https://registry.npmjs.org/rimraf/-/rimraf-2.7.1.tgz",
      "integrity": "sha512-uWjbaKIK3T1OSVptzX7Nl6PvQ3qAGtKEtVRjRuazjfL3Bx5eI409VZSqgND+4UNnmzLVdPj9FqFJNPqBZFve4w==",
      "requires": {
        "glob": "^7.1.3"
      }
    },
    "safe-buffer": {
      "version": "5.1.2",
      "resolved": "https://registry.npmjs.org/safe-buffer/-/safe-buffer-5.1.2.tgz",
      "integrity": "sha512-Gd2UZBJDkXlY7GbJxfsE8/nvKkUEU1G38c1siN6QP6a9PT9MmHB8GnpscSmMJSoF8LOIrt8ud/wPtojys4G6+g=="
    },
    "sax": {
      "version": "1.2.4",
      "resolved": "https://registry.npmjs.org/sax/-/sax-1.2.4.tgz",
      "integrity": "sha512-NqVDv9TpANUjFm0N8uM5GxL36UgKi9/atZw+x7YFnQ8ckwFGKrl4xX4yWtrey3UJm5nP1kUbnYgLopqWNSRhWw=="
    },
    "selenium-webdriver": {
      "version": "4.0.0-alpha.5",
      "resolved": "https://registry.npmjs.org/selenium-webdriver/-/selenium-webdriver-4.0.0-alpha.5.tgz",
      "integrity": "sha512-hktl3DSrhzM59yLhWzDGHIX9o56DvA+cVK7Dw6FcJR6qQ4CGzkaHeXQPcdrslkWMTeq0Ci9AmCxq0EMOvm2Rkg==",
      "requires": {
        "jszip": "^3.1.5",
        "rimraf": "^2.6.3",
        "tmp": "0.0.30",
        "xml2js": "^0.4.19"
      }
    },
    "set-immediate-shim": {
      "version": "1.0.1",
      "resolved": "https://registry.npmjs.org/set-immediate-shim/-/set-immediate-shim-1.0.1.tgz",
      "integrity": "sha1-SysbJ+uAip+NzEgaWOXlb1mfP2E="
    },
    "string.prototype.trimleft": {
      "version": "2.1.0",
      "resolved": "https://registry.npmjs.org/string.prototype.trimleft/-/string.prototype.trimleft-2.1.0.tgz",
      "integrity": "sha512-FJ6b7EgdKxxbDxc79cOlok6Afd++TTs5szo+zJTUyow3ycrRfJVE2pq3vcN53XexvKZu/DJMDfeI/qMiZTrjTw==",
      "requires": {
        "define-properties": "^1.1.3",
        "function-bind": "^1.1.1"
      }
    },
    "string.prototype.trimright": {
      "version": "2.1.0",
      "resolved": "https://registry.npmjs.org/string.prototype.trimright/-/string.prototype.trimright-2.1.0.tgz",
      "integrity": "sha512-fXZTSV55dNBwv16uw+hh5jkghxSnc5oHq+5K/gXgizHwAvMetdAJlHqqoFC1FSDVPYWLkAKl2cxpUT41sV7nSg==",
      "requires": {
        "define-properties": "^1.1.3",
        "function-bind": "^1.1.1"
      }
    },
    "string_decoder": {
      "version": "1.1.1",
      "resolved": "https://registry.npmjs.org/string_decoder/-/string_decoder-1.1.1.tgz",
      "integrity": "sha512-n/ShnvDi6FHbbVfviro+WojiFzv+s8MPMHBczVePfUpDJLwoLT0ht1l4YwBCbi8pJAveEEdnkHyPyTP/mzRfwg==",
      "requires": {
        "safe-buffer": "~5.1.0"
      }
    },
    "tmp": {
      "version": "0.0.30",
      "resolved": "https://registry.npmjs.org/tmp/-/tmp-0.0.30.tgz",
      "integrity": "sha1-ckGdSovn1s51FI/YsyTlk6cRwu0=",
      "requires": {
        "os-tmpdir": "~1.0.1"
      }
    },
    "tslib": {
      "version": "1.10.0",
      "resolved": "https://registry.npmjs.org/tslib/-/tslib-1.10.0.tgz",
      "integrity": "sha512-qOebF53frne81cf0S9B41ByenJ3/IuH8yJKngAX35CmiZySA0khhkovshKK+jGCaMnVomla7gVlIcc3EvKPbTQ=="
    },
    "util-deprecate": {
      "version": "1.0.2",
      "resolved": "https://registry.npmjs.org/util-deprecate/-/util-deprecate-1.0.2.tgz",
      "integrity": "sha1-RQ1Nyfpw3nMnYvvS1KKJgUGaDM8="
    },
    "util.promisify": {
      "version": "1.0.0",
      "resolved": "https://registry.npmjs.org/util.promisify/-/util.promisify-1.0.0.tgz",
      "integrity": "sha512-i+6qA2MPhvoKLuxnJNpXAGhg7HphQOSUq2LKMZD0m15EiskXUkMvKdF4Uui0WYeCUGea+o2cw/ZuwehtfsrNkA==",
      "requires": {
        "define-properties": "^1.1.2",
        "object.getownpropertydescriptors": "^2.0.3"
      }
    },
    "wrappy": {
      "version": "1.0.2",
      "resolved": "https://registry.npmjs.org/wrappy/-/wrappy-1.0.2.tgz",
      "integrity": "sha1-tSQ9jz7BqjXxNkYFvA0QNuMKtp8="
    },
    "xml2js": {
      "version": "0.4.22",
      "resolved": "https://registry.npmjs.org/xml2js/-/xml2js-0.4.22.tgz",
      "integrity": "sha512-MWTbxAQqclRSTnehWWe5nMKzI3VmJ8ltiJEco8akcC6j3miOhjjfzKum5sId+CWhfxdOs/1xauYr8/ZDBtQiRw==",
      "requires": {
        "sax": ">=0.6.0",
        "util.promisify": "~1.0.0",
        "xmlbuilder": "~11.0.0"
      }
    },
    "xmlbuilder": {
      "version": "11.0.1",
      "resolved": "https://registry.npmjs.org/xmlbuilder/-/xmlbuilder-11.0.1.tgz",
      "integrity": "sha512-fDlsI/kFEx7gLvbecc0/ohLG50fugQp8ryHzMTuW9vSa1GJ0XYWKnhsUx7oie3G98+r56aTQIUB4kht42R3JvA=="
    }
  }
}
